{
  "nodes": {
    "bomper": {
      "inputs": {
        "bomper": "bomper_2",
        "flake-parts": "flake-parts_2",
        "flake-utils": "flake-utils_7",
        "gitignore": "gitignore_3",
        "nixpkgs": [
          "nixpkgs"
        ],
        "pre-commit-hooks": "pre-commit-hooks_3",
        "rust-overlay": "rust-overlay_3"
      },
      "locked": {
        "lastModified": 1659911522,
        "narHash": "sha256-W9d9TTPvr6N07AVr++i8M/UV8wTrPXGyiBsBz4IWf/M=",
        "owner": "justinrubek",
        "repo": "bomper",
        "rev": "0bceca7067191cce6abe8ecea7033a9050996e12",
        "type": "github"
      },
      "original": {
        "owner": "justinrubek",
        "repo": "bomper",
        "type": "github"
      }
    },
    "bomper_2": {
      "inputs": {
        "bomper": "bomper_3",
        "flake-parts": "flake-parts",
        "flake-utils": "flake-utils_4",
        "gitignore": "gitignore_2",
        "nixpkgs": [
          "bomper",
          "nixpkgs"
        ],
        "pre-commit-hooks": "pre-commit-hooks_2",
        "rust-overlay": "rust-overlay_2"
      },
      "locked": {
        "lastModified": 1659910720,
        "narHash": "sha256-wM6qQgq6texw6+pIpAf5ivYeN6loFkziv4P6G/0RqAk=",
        "owner": "justinrubek",
        "repo": "bomper",
        "rev": "0c8b41019610ca49b38f70a98dbbf135935ceb81",
        "type": "github"
      },
      "original": {
        "owner": "justinrubek",
        "repo": "bomper",
        "type": "github"
      }
    },
    "bomper_3": {
      "inputs": {
        "flake-utils": "flake-utils",
        "gitignore": "gitignore",
        "nixpkgs": [
          "bomper",
          "bomper",
          "nixpkgs"
        ],
        "pre-commit-hooks": "pre-commit-hooks",
        "rust-overlay": "rust-overlay"
      },
      "locked": {
        "lastModified": 1659859417,
        "narHash": "sha256-rdsrAyFRfqgQelTGRwjQLUQrccDbVNhSEFtTbbdmOmY=",
        "owner": "justinrubek",
        "repo": "bomper",
        "rev": "d8ce1559b09d797d3c086a41cb2cd49a9789e476",
        "type": "github"
      },
      "original": {
        "owner": "justinrubek",
        "repo": "bomper",
        "type": "github"
      }
    },
    "flake-parts": {
      "inputs": {
        "nixpkgs": [
          "bomper",
          "bomper",
          "nixpkgs"
        ]
      },
      "locked": {
        "lastModified": 1657102481,
        "narHash": "sha256-62Fuw8JgPub38OdgNefkIKOodM9nC3M0AG6lS+7smf4=",
        "owner": "hercules-ci",
        "repo": "flake-parts",
        "rev": "608ed3502263d6f4f886d75c48fc2b444a4ab8d8",
        "type": "github"
      },
      "original": {
        "owner": "hercules-ci",
        "repo": "flake-parts",
        "type": "github"
      }
    },
    "flake-parts_2": {
      "inputs": {
        "nixpkgs": [
          "bomper",
          "nixpkgs"
        ]
      },
      "locked": {
        "lastModified": 1657102481,
        "narHash": "sha256-62Fuw8JgPub38OdgNefkIKOodM9nC3M0AG6lS+7smf4=",
        "owner": "hercules-ci",
        "repo": "flake-parts",
        "rev": "608ed3502263d6f4f886d75c48fc2b444a4ab8d8",
        "type": "github"
      },
      "original": {
        "owner": "hercules-ci",
        "repo": "flake-parts",
        "type": "github"
      }
    },
    "flake-parts_3": {
      "inputs": {
        "nixpkgs": [
          "nixpkgs"
        ]
      },
      "locked": {
        "lastModified": 1657102481,
        "narHash": "sha256-62Fuw8JgPub38OdgNefkIKOodM9nC3M0AG6lS+7smf4=",
        "owner": "hercules-ci",
        "repo": "flake-parts",
        "rev": "608ed3502263d6f4f886d75c48fc2b444a4ab8d8",
        "type": "github"
      },
      "original": {
        "owner": "hercules-ci",
        "repo": "flake-parts",
        "type": "github"
      }
    },
    "flake-utils": {
      "locked": {
        "lastModified": 1656928814,
        "narHash": "sha256-RIFfgBuKz6Hp89yRr7+NR5tzIAbn52h8vT6vXkYjZoM=",
        "owner": "numtide",
        "repo": "flake-utils",
        "rev": "7e2a3b3dfd9af950a856d66b0a7d01e3c18aa249",
        "type": "github"
      },
      "original": {
        "owner": "numtide",
        "repo": "flake-utils",
        "type": "github"
      }
    },
    "flake-utils_10": {
      "locked": {
        "lastModified": 1659877975,
        "narHash": "sha256-zllb8aq3YO3h8B/U0/J1WBgAL8EX5yWf5pMj3G0NAmc=",
        "owner": "numtide",
        "repo": "flake-utils",
        "rev": "c0e246b9b83f637f4681389ecabcb2681b4f3af0",
        "type": "github"
      },
      "original": {
        "owner": "numtide",
        "repo": "flake-utils",
        "type": "github"
      }
    },
    "flake-utils_11": {
      "locked": {
        "lastModified": 1644229661,
        "narHash": "sha256-1YdnJAsNy69bpcjuoKdOYQX0YxZBiCYZo4Twxerqv7k=",
        "owner": "numtide",
        "repo": "flake-utils",
        "rev": "3cecb5b042f7f209c56ffd8371b2711a290ec797",
        "type": "github"
      },
      "original": {
        "owner": "numtide",
        "repo": "flake-utils",
        "type": "github"
      }
    },
    "flake-utils_12": {
      "locked": {
        "lastModified": 1656928814,
        "narHash": "sha256-RIFfgBuKz6Hp89yRr7+NR5tzIAbn52h8vT6vXkYjZoM=",
        "owner": "numtide",
        "repo": "flake-utils",
        "rev": "7e2a3b3dfd9af950a856d66b0a7d01e3c18aa249",
        "type": "github"
      },
      "original": {
        "owner": "numtide",
        "repo": "flake-utils",
        "type": "github"
      }
    },
    "flake-utils_2": {
      "locked": {
        "lastModified": 1644229661,
        "narHash": "sha256-1YdnJAsNy69bpcjuoKdOYQX0YxZBiCYZo4Twxerqv7k=",
        "owner": "numtide",
        "repo": "flake-utils",
        "rev": "3cecb5b042f7f209c56ffd8371b2711a290ec797",
        "type": "github"
      },
      "original": {
        "owner": "numtide",
        "repo": "flake-utils",
        "type": "github"
      }
    },
    "flake-utils_3": {
      "locked": {
        "lastModified": 1656065134,
        "narHash": "sha256-oc6E6ByIw3oJaIyc67maaFcnjYOz1mMcOtHxbEf9NwQ=",
        "owner": "numtide",
        "repo": "flake-utils",
        "rev": "bee6a7250dd1b01844a2de7e02e4df7d8a0a206c",
        "type": "github"
      },
      "original": {
        "owner": "numtide",
        "repo": "flake-utils",
        "type": "github"
      }
    },
    "flake-utils_4": {
      "locked": {
        "lastModified": 1656928814,
        "narHash": "sha256-RIFfgBuKz6Hp89yRr7+NR5tzIAbn52h8vT6vXkYjZoM=",
        "owner": "numtide",
        "repo": "flake-utils",
        "rev": "7e2a3b3dfd9af950a856d66b0a7d01e3c18aa249",
        "type": "github"
      },
      "original": {
        "owner": "numtide",
        "repo": "flake-utils",
        "type": "github"
      }
    },
    "flake-utils_5": {
      "locked": {
        "lastModified": 1644229661,
        "narHash": "sha256-1YdnJAsNy69bpcjuoKdOYQX0YxZBiCYZo4Twxerqv7k=",
        "owner": "numtide",
        "repo": "flake-utils",
        "rev": "3cecb5b042f7f209c56ffd8371b2711a290ec797",
        "type": "github"
      },
      "original": {
        "owner": "numtide",
        "repo": "flake-utils",
        "type": "github"
      }
    },
    "flake-utils_6": {
      "locked": {
        "lastModified": 1656065134,
        "narHash": "sha256-oc6E6ByIw3oJaIyc67maaFcnjYOz1mMcOtHxbEf9NwQ=",
        "owner": "numtide",
        "repo": "flake-utils",
        "rev": "bee6a7250dd1b01844a2de7e02e4df7d8a0a206c",
        "type": "github"
      },
      "original": {
        "owner": "numtide",
        "repo": "flake-utils",
        "type": "github"
      }
    },
    "flake-utils_7": {
      "locked": {
        "lastModified": 1656928814,
        "narHash": "sha256-RIFfgBuKz6Hp89yRr7+NR5tzIAbn52h8vT6vXkYjZoM=",
        "owner": "numtide",
        "repo": "flake-utils",
        "rev": "7e2a3b3dfd9af950a856d66b0a7d01e3c18aa249",
        "type": "github"
      },
      "original": {
        "owner": "numtide",
        "repo": "flake-utils",
        "type": "github"
      }
    },
    "flake-utils_8": {
      "locked": {
        "lastModified": 1644229661,
        "narHash": "sha256-1YdnJAsNy69bpcjuoKdOYQX0YxZBiCYZo4Twxerqv7k=",
        "owner": "numtide",
        "repo": "flake-utils",
        "rev": "3cecb5b042f7f209c56ffd8371b2711a290ec797",
        "type": "github"
      },
      "original": {
        "owner": "numtide",
        "repo": "flake-utils",
        "type": "github"
      }
    },
    "flake-utils_9": {
      "locked": {
        "lastModified": 1656065134,
        "narHash": "sha256-oc6E6ByIw3oJaIyc67maaFcnjYOz1mMcOtHxbEf9NwQ=",
        "owner": "numtide",
        "repo": "flake-utils",
        "rev": "bee6a7250dd1b01844a2de7e02e4df7d8a0a206c",
        "type": "github"
      },
      "original": {
        "owner": "numtide",
        "repo": "flake-utils",
        "type": "github"
      }
    },
    "gitignore": {
      "inputs": {
        "nixpkgs": [
          "bomper",
          "bomper",
          "bomper",
          "nixpkgs"
        ]
      },
      "locked": {
        "lastModified": 1658402513,
        "narHash": "sha256-wk38v/mbLsOo6+IDmmH1H0ADR87iq9QTTD1BP9X2Ags=",
        "owner": "hercules-ci",
        "repo": "gitignore.nix",
        "rev": "f2ea0f8ff1bce948ccb6b893d15d5ea3efaf1364",
        "type": "github"
      },
      "original": {
        "owner": "hercules-ci",
        "repo": "gitignore.nix",
        "type": "github"
      }
    },
    "gitignore_2": {
      "inputs": {
        "nixpkgs": [
          "bomper",
          "bomper",
          "nixpkgs"
        ]
      },
      "locked": {
        "lastModified": 1658402513,
        "narHash": "sha256-wk38v/mbLsOo6+IDmmH1H0ADR87iq9QTTD1BP9X2Ags=",
        "owner": "hercules-ci",
        "repo": "gitignore.nix",
        "rev": "f2ea0f8ff1bce948ccb6b893d15d5ea3efaf1364",
        "type": "github"
      },
      "original": {
        "owner": "hercules-ci",
        "repo": "gitignore.nix",
        "type": "github"
      }
    },
    "gitignore_3": {
      "inputs": {
        "nixpkgs": [
          "bomper",
          "nixpkgs"
        ]
      },
      "locked": {
        "lastModified": 1658402513,
        "narHash": "sha256-wk38v/mbLsOo6+IDmmH1H0ADR87iq9QTTD1BP9X2Ags=",
        "owner": "hercules-ci",
        "repo": "gitignore.nix",
        "rev": "f2ea0f8ff1bce948ccb6b893d15d5ea3efaf1364",
        "type": "github"
      },
      "original": {
        "owner": "hercules-ci",
        "repo": "gitignore.nix",
        "type": "github"
      }
    },
    "gitignore_4": {
      "inputs": {
        "nixpkgs": [
          "nixpkgs"
        ]
      },
      "locked": {
        "lastModified": 1658402513,
        "narHash": "sha256-wk38v/mbLsOo6+IDmmH1H0ADR87iq9QTTD1BP9X2Ags=",
        "owner": "hercules-ci",
        "repo": "gitignore.nix",
        "rev": "f2ea0f8ff1bce948ccb6b893d15d5ea3efaf1364",
        "type": "github"
      },
      "original": {
        "owner": "hercules-ci",
        "repo": "gitignore.nix",
        "type": "github"
      }
    },
    "nixpkgs": {
      "locked": {
        "lastModified": 1645655918,
        "narHash": "sha256-ZfbEFRW7o237+A1P7eTKhXje435FCAoe0blj2n20Was=",
        "owner": "nixos",
        "repo": "nixpkgs",
        "rev": "77a7a4197740213879b9a1d2e1788c6c8ade4274",
        "type": "github"
      },
      "original": {
        "id": "nixpkgs",
        "type": "indirect"
      }
    },
    "nixpkgs_2": {
      "locked": {
        "lastModified": 1645655918,
        "narHash": "sha256-ZfbEFRW7o237+A1P7eTKhXje435FCAoe0blj2n20Was=",
        "owner": "nixos",
        "repo": "nixpkgs",
        "rev": "77a7a4197740213879b9a1d2e1788c6c8ade4274",
        "type": "github"
      },
      "original": {
        "id": "nixpkgs",
        "type": "indirect"
      }
    },
    "nixpkgs_3": {
      "locked": {
        "lastModified": 1645655918,
        "narHash": "sha256-ZfbEFRW7o237+A1P7eTKhXje435FCAoe0blj2n20Was=",
        "owner": "nixos",
        "repo": "nixpkgs",
        "rev": "77a7a4197740213879b9a1d2e1788c6c8ade4274",
        "type": "github"
      },
      "original": {
        "id": "nixpkgs",
        "type": "indirect"
      }
    },
    "nixpkgs_4": {
      "locked": {
        "lastModified": 1659889440,
        "narHash": "sha256-O8+FsHZzQIqjQjuh+VXbJtGrpPswm5ta2Z/eo72Lz2U=",
        "owner": "NixOS",
        "repo": "nixpkgs",
        "rev": "4bdf4169ad2896236895ca607a843f30c9680345",
        "type": "github"
      },
      "original": {
        "id": "nixpkgs",
        "ref": "nixos-unstable",
        "type": "indirect"
      }
    },
    "nixpkgs_5": {
      "locked": {
        "lastModified": 1645655918,
        "narHash": "sha256-ZfbEFRW7o237+A1P7eTKhXje435FCAoe0blj2n20Was=",
        "owner": "nixos",
        "repo": "nixpkgs",
        "rev": "77a7a4197740213879b9a1d2e1788c6c8ade4274",
        "type": "github"
      },
      "original": {
        "id": "nixpkgs",
        "type": "indirect"
      }
    },
    "pre-commit-hooks": {
      "inputs": {
        "flake-utils": "flake-utils_2",
        "nixpkgs": "nixpkgs"
      },
      "locked": {
        "lastModified": 1658611562,
        "narHash": "sha256-jktQ3mRrFAiFzzmVxQXh+8IxZOEE4hfr7St3ncXeVy4=",
        "owner": "cachix",
        "repo": "pre-commit-hooks.nix",
        "rev": "f436e6dbc10bb3500775785072a40eefe057b18e",
        "type": "github"
      },
      "original": {
        "owner": "cachix",
        "repo": "pre-commit-hooks.nix",
        "type": "github"
      }
    },
    "pre-commit-hooks_2": {
      "inputs": {
        "flake-utils": "flake-utils_5",
        "nixpkgs": "nixpkgs_2"
      },
      "locked": {
        "lastModified": 1658611562,
        "narHash": "sha256-jktQ3mRrFAiFzzmVxQXh+8IxZOEE4hfr7St3ncXeVy4=",
        "owner": "cachix",
        "repo": "pre-commit-hooks.nix",
        "rev": "f436e6dbc10bb3500775785072a40eefe057b18e",
        "type": "github"
      },
      "original": {
        "owner": "cachix",
        "repo": "pre-commit-hooks.nix",
        "type": "github"
      }
    },
    "pre-commit-hooks_3": {
      "inputs": {
        "flake-utils": "flake-utils_8",
        "nixpkgs": "nixpkgs_3"
      },
      "locked": {
        "lastModified": 1658611562,
        "narHash": "sha256-jktQ3mRrFAiFzzmVxQXh+8IxZOEE4hfr7St3ncXeVy4=",
        "owner": "cachix",
        "repo": "pre-commit-hooks.nix",
        "rev": "f436e6dbc10bb3500775785072a40eefe057b18e",
        "type": "github"
      },
      "original": {
        "owner": "cachix",
        "repo": "pre-commit-hooks.nix",
        "type": "github"
      }
    },
    "pre-commit-hooks_4": {
      "inputs": {
        "flake-utils": "flake-utils_11",
        "nixpkgs": "nixpkgs_5"
      },
      "locked": {
        "lastModified": 1659629599,
        "narHash": "sha256-c9rvaqaH3HZo/C70E7rB18YSywa4ryTtN7CZ3cuCmoA=",
        "owner": "cachix",
        "repo": "pre-commit-hooks.nix",
        "rev": "6a9402e8f233de16536349d1dd3f4595c23386a4",
        "type": "github"
      },
      "original": {
        "owner": "cachix",
        "repo": "pre-commit-hooks.nix",
        "type": "github"
      }
    },
    "root": {
      "inputs": {
        "bomper": "bomper",
        "flake-parts": "flake-parts_3",
        "flake-utils": "flake-utils_10",
        "gitignore": "gitignore_4",
        "nixpkgs": "nixpkgs_4",
        "pre-commit-hooks": "pre-commit-hooks_4",
        "rust-overlay": "rust-overlay_4"
      }
    },
    "rust-overlay": {
      "inputs": {
        "flake-utils": "flake-utils_3",
        "nixpkgs": [
          "bomper",
          "bomper",
          "bomper",
          "nixpkgs"
        ]
      },
      "locked": {
        "lastModified": 1659063345,
        "narHash": "sha256-BCMsSZIXJumY3RROgrIIu/fw3pNISCTqcmb7/UxGx88=",
        "owner": "oxalica",
        "repo": "rust-overlay",
        "rev": "c82cd893b40dc858f91bce11a9e19ee11db86721",
        "type": "github"
      },
      "original": {
        "owner": "oxalica",
        "repo": "rust-overlay",
        "type": "github"
      }
    },
    "rust-overlay_2": {
      "inputs": {
        "flake-utils": "flake-utils_6",
        "nixpkgs": [
          "bomper",
          "bomper",
          "nixpkgs"
        ]
      },
      "locked": {
        "lastModified": 1659063345,
        "narHash": "sha256-BCMsSZIXJumY3RROgrIIu/fw3pNISCTqcmb7/UxGx88=",
        "owner": "oxalica",
        "repo": "rust-overlay",
        "rev": "c82cd893b40dc858f91bce11a9e19ee11db86721",
        "type": "github"
      },
      "original": {
        "owner": "oxalica",
        "repo": "rust-overlay",
        "type": "github"
      }
    },
    "rust-overlay_3": {
      "inputs": {
        "flake-utils": "flake-utils_9",
        "nixpkgs": [
          "bomper",
          "nixpkgs"
        ]
      },
      "locked": {
        "lastModified": 1659063345,
        "narHash": "sha256-BCMsSZIXJumY3RROgrIIu/fw3pNISCTqcmb7/UxGx88=",
        "owner": "oxalica",
        "repo": "rust-overlay",
        "rev": "c82cd893b40dc858f91bce11a9e19ee11db86721",
        "type": "github"
      },
      "original": {
        "owner": "oxalica",
        "repo": "rust-overlay",
        "type": "github"
      }
    },
    "rust-overlay_4": {
      "inputs": {
        "flake-utils": "flake-utils_12",
        "nixpkgs": [
          "nixpkgs"
        ]
      },
      "locked": {
        "lastModified": 1660618363,
        "narHash": "sha256-SdIGzmiMjAfKyZScxb497AA4oHiiaHMPhb9iwLtoaMk=",
        "owner": "oxalica",
        "repo": "rust-overlay",
        "rev": "b480a97c66038e9a6ff68cbf0c4fa4a783416e0b",
        "type": "github"
      },
      "original": {
        "owner": "oxalica",
        "repo": "rust-overlay",
        "type": "github"
      }
    }
  },
  "root": "root",
  "version": 7
}
