# This file is automatically @generated by Poetry 1.7.1 and should not be changed by hand.

[[package]]
name = "colorama"
version = "0.4.6"
description = "Cross-platform colored terminal text."
optional = false
python-versions = "!=3.0.*,!=3.1.*,!=3.2.*,!=3.3.*,!=3.4.*,!=3.5.*,!=3.6.*,>=2.7"
files = [
    {file = "colorama-0.4.6-py2.py3-none-any.whl", hash = "sha256:4f1d9991f5acc0ca119f9d443620b77f9d6b33703e51011c16baf57afb285fc6"},
    {file = "colorama-0.4.6.tar.gz", hash = "sha256:08695f5cb7ed6e0531a20572697297273c47b8cae5a63ffc6d6ed5c201be6e44"},
]

[[package]]
name = "dnspython"
version = "2.4.2"
description = "DNS toolkit"
optional = false
python-versions = ">=3.8,<4.0"
files = [
    {file = "dnspython-2.4.2-py3-none-any.whl", hash = "sha256:57c6fbaaeaaf39c891292012060beb141791735dbb4004798328fc2c467402d8"},
    {file = "dnspython-2.4.2.tar.gz", hash = "sha256:8dcfae8c7460a2f84b4072e26f1c9f4101ca20c071649cb7c34e8b6a93d58984"},
]

[package.extras]
dnssec = ["cryptography (>=2.6,<42.0)"]
doh = ["h2 (>=4.1.0)", "httpcore (>=0.17.3)", "httpx (>=0.24.1)"]
doq = ["aioquic (>=0.9.20)"]
idna = ["idna (>=2.1,<4.0)"]
trio = ["trio (>=0.14,<0.23)"]
wmi = ["wmi (>=1.5.1,<2.0.0)"]

[[package]]
name = "iniconfig"
version = "2.0.0"
description = "brain-dead simple config-ini parsing"
optional = false
python-versions = ">=3.7"
files = [
    {file = "iniconfig-2.0.0-py3-none-any.whl", hash = "sha256:b6a85871a79d2e3b22d2d1b94ac2824226a63c6b741c88f7ae975f18b6778374"},
    {file = "iniconfig-2.0.0.tar.gz", hash = "sha256:2d91e135bf72d31a410b17c16da610a82cb55f6b0477d1a902134b24a455b8b3"},
]

[[package]]
name = "numpy"
version = "1.26.3"
description = "Fundamental package for array computing in Python"
optional = false
python-versions = ">=3.9"
files = [
    {file = "numpy-1.26.3-cp310-cp310-macosx_10_9_x86_64.whl", hash = "sha256:806dd64230dbbfaca8a27faa64e2f414bf1c6622ab78cc4264f7f5f028fee3bf"},
    {file = "numpy-1.26.3-cp310-cp310-macosx_11_0_arm64.whl", hash = "sha256:02f98011ba4ab17f46f80f7f8f1c291ee7d855fcef0a5a98db80767a468c85cd"},
    {file = "numpy-1.26.3-cp310-cp310-manylinux_2_17_aarch64.manylinux2014_aarch64.whl", hash = "sha256:6d45b3ec2faed4baca41c76617fcdcfa4f684ff7a151ce6fc78ad3b6e85af0a6"},
    {file = "numpy-1.26.3-cp310-cp310-manylinux_2_17_x86_64.manylinux2014_x86_64.whl", hash = "sha256:bdd2b45bf079d9ad90377048e2747a0c82351989a2165821f0c96831b4a2a54b"},
    {file = "numpy-1.26.3-cp310-cp310-musllinux_1_1_aarch64.whl", hash = "sha256:211ddd1e94817ed2d175b60b6374120244a4dd2287f4ece45d49228b4d529178"},
    {file = "numpy-1.26.3-cp310-cp310-musllinux_1_1_x86_64.whl", hash = "sha256:b1240f767f69d7c4c8a29adde2310b871153df9b26b5cb2b54a561ac85146485"},
    {file = "numpy-1.26.3-cp310-cp310-win32.whl", hash = "sha256:21a9484e75ad018974a2fdaa216524d64ed4212e418e0a551a2d83403b0531d3"},
    {file = "numpy-1.26.3-cp310-cp310-win_amd64.whl", hash = "sha256:9e1591f6ae98bcfac2a4bbf9221c0b92ab49762228f38287f6eeb5f3f55905ce"},
    {file = "numpy-1.26.3-cp311-cp311-macosx_10_9_x86_64.whl", hash = "sha256:b831295e5472954104ecb46cd98c08b98b49c69fdb7040483aff799a755a7374"},
    {file = "numpy-1.26.3-cp311-cp311-macosx_11_0_arm64.whl", hash = "sha256:9e87562b91f68dd8b1c39149d0323b42e0082db7ddb8e934ab4c292094d575d6"},
    {file = "numpy-1.26.3-cp311-cp311-manylinux_2_17_aarch64.manylinux2014_aarch64.whl", hash = "sha256:8c66d6fec467e8c0f975818c1796d25c53521124b7cfb760114be0abad53a0a2"},
    {file = "numpy-1.26.3-cp311-cp311-manylinux_2_17_x86_64.manylinux2014_x86_64.whl", hash = "sha256:f25e2811a9c932e43943a2615e65fc487a0b6b49218899e62e426e7f0a57eeda"},
    {file = "numpy-1.26.3-cp311-cp311-musllinux_1_1_aarch64.whl", hash = "sha256:af36e0aa45e25c9f57bf684b1175e59ea05d9a7d3e8e87b7ae1a1da246f2767e"},
    {file = "numpy-1.26.3-cp311-cp311-musllinux_1_1_x86_64.whl", hash = "sha256:51c7f1b344f302067b02e0f5b5d2daa9ed4a721cf49f070280ac202738ea7f00"},
    {file = "numpy-1.26.3-cp311-cp311-win32.whl", hash = "sha256:7ca4f24341df071877849eb2034948459ce3a07915c2734f1abb4018d9c49d7b"},
    {file = "numpy-1.26.3-cp311-cp311-win_amd64.whl", hash = "sha256:39763aee6dfdd4878032361b30b2b12593fb445ddb66bbac802e2113eb8a6ac4"},
    {file = "numpy-1.26.3-cp312-cp312-macosx_10_9_x86_64.whl", hash = "sha256:a7081fd19a6d573e1a05e600c82a1c421011db7935ed0d5c483e9dd96b99cf13"},
    {file = "numpy-1.26.3-cp312-cp312-macosx_11_0_arm64.whl", hash = "sha256:12c70ac274b32bc00c7f61b515126c9205323703abb99cd41836e8125ea0043e"},
    {file = "numpy-1.26.3-cp312-cp312-manylinux_2_17_aarch64.manylinux2014_aarch64.whl", hash = "sha256:7f784e13e598e9594750b2ef6729bcd5a47f6cfe4a12cca13def35e06d8163e3"},
    {file = "numpy-1.26.3-cp312-cp312-manylinux_2_17_x86_64.manylinux2014_x86_64.whl", hash = "sha256:5f24750ef94d56ce6e33e4019a8a4d68cfdb1ef661a52cdaee628a56d2437419"},
    {file = "numpy-1.26.3-cp312-cp312-musllinux_1_1_aarch64.whl", hash = "sha256:77810ef29e0fb1d289d225cabb9ee6cf4d11978a00bb99f7f8ec2132a84e0166"},
    {file = "numpy-1.26.3-cp312-cp312-musllinux_1_1_x86_64.whl", hash = "sha256:8ed07a90f5450d99dad60d3799f9c03c6566709bd53b497eb9ccad9a55867f36"},
    {file = "numpy-1.26.3-cp312-cp312-win32.whl", hash = "sha256:f73497e8c38295aaa4741bdfa4fda1a5aedda5473074369eca10626835445511"},
    {file = "numpy-1.26.3-cp312-cp312-win_amd64.whl", hash = "sha256:da4b0c6c699a0ad73c810736303f7fbae483bcb012e38d7eb06a5e3b432c981b"},
    {file = "numpy-1.26.3-cp39-cp39-macosx_10_9_x86_64.whl", hash = "sha256:1666f634cb3c80ccbd77ec97bc17337718f56d6658acf5d3b906ca03e90ce87f"},
    {file = "numpy-1.26.3-cp39-cp39-macosx_11_0_arm64.whl", hash = "sha256:18c3319a7d39b2c6a9e3bb75aab2304ab79a811ac0168a671a62e6346c29b03f"},
    {file = "numpy-1.26.3-cp39-cp39-manylinux_2_17_aarch64.manylinux2014_aarch64.whl", hash = "sha256:0b7e807d6888da0db6e7e75838444d62495e2b588b99e90dd80c3459594e857b"},
    {file = "numpy-1.26.3-cp39-cp39-manylinux_2_17_x86_64.manylinux2014_x86_64.whl", hash = "sha256:b4d362e17bcb0011738c2d83e0a65ea8ce627057b2fdda37678f4374a382a137"},
    {file = "numpy-1.26.3-cp39-cp39-musllinux_1_1_aarch64.whl", hash = "sha256:b8c275f0ae90069496068c714387b4a0eba5d531aace269559ff2b43655edd58"},
    {file = "numpy-1.26.3-cp39-cp39-musllinux_1_1_x86_64.whl", hash = "sha256:cc0743f0302b94f397a4a65a660d4cd24267439eb16493fb3caad2e4389bccbb"},
    {file = "numpy-1.26.3-cp39-cp39-win32.whl", hash = "sha256:9bc6d1a7f8cedd519c4b7b1156d98e051b726bf160715b769106661d567b3f03"},
    {file = "numpy-1.26.3-cp39-cp39-win_amd64.whl", hash = "sha256:867e3644e208c8922a3be26fc6bbf112a035f50f0a86497f98f228c50c607bb2"},
    {file = "numpy-1.26.3-pp39-pypy39_pp73-macosx_10_9_x86_64.whl", hash = "sha256:3c67423b3703f8fbd90f5adaa37f85b5794d3366948efe9a5190a5f3a83fc34e"},
    {file = "numpy-1.26.3-pp39-pypy39_pp73-manylinux_2_17_x86_64.manylinux2014_x86_64.whl", hash = "sha256:46f47ee566d98849323f01b349d58f2557f02167ee301e5e28809a8c0e27a2d0"},
    {file = "numpy-1.26.3-pp39-pypy39_pp73-win_amd64.whl", hash = "sha256:a8474703bffc65ca15853d5fd4d06b18138ae90c17c8d12169968e998e448bb5"},
    {file = "numpy-1.26.3.tar.gz", hash = "sha256:697df43e2b6310ecc9d95f05d5ef20eacc09c7c4ecc9da3f235d39e71b7da1e4"},
]

[[package]]
name = "packaging"
version = "23.2"
description = "Core utilities for Python packages"
optional = false
python-versions = ">=3.7"
files = [
    {file = "packaging-23.2-py3-none-any.whl", hash = "sha256:8c491190033a9af7e1d931d0b5dacc2ef47509b34dd0de67ed209b5203fc88c7"},
    {file = "packaging-23.2.tar.gz", hash = "sha256:048fb0e9405036518eaaf48a55953c750c11e1a1b68e0dd1a9d62ed0c092cfc5"},
]

[[package]]
name = "pluggy"
version = "1.3.0"
description = "plugin and hook calling mechanisms for python"
optional = false
python-versions = ">=3.8"
files = [
    {file = "pluggy-1.3.0-py3-none-any.whl", hash = "sha256:d89c696a773f8bd377d18e5ecda92b7a3793cbe66c87060a6fb58c7b6e1061f7"},
    {file = "pluggy-1.3.0.tar.gz", hash = "sha256:cf61ae8f126ac6f7c451172cf30e3e43d3ca77615509771b3a984a0730651e12"},
]

[package.extras]
dev = ["pre-commit", "tox"]
testing = ["pytest", "pytest-benchmark"]

[[package]]
name = "psycopg2"
version = "2.9.9"
description = "psycopg2 - Python-PostgreSQL Database Adapter"
optional = false
python-versions = ">=3.7"
files = [
    {file = "psycopg2-2.9.9-cp310-cp310-win32.whl", hash = "sha256:38a8dcc6856f569068b47de286b472b7c473ac7977243593a288ebce0dc89516"},
    {file = "psycopg2-2.9.9-cp310-cp310-win_amd64.whl", hash = "sha256:426f9f29bde126913a20a96ff8ce7d73fd8a216cfb323b1f04da402d452853c3"},
    {file = "psycopg2-2.9.9-cp311-cp311-win32.whl", hash = "sha256:ade01303ccf7ae12c356a5e10911c9e1c51136003a9a1d92f7aa9d010fb98372"},
    {file = "psycopg2-2.9.9-cp311-cp311-win_amd64.whl", hash = "sha256:121081ea2e76729acfb0673ff33755e8703d45e926e416cb59bae3a86c6a4981"},
    {file = "psycopg2-2.9.9-cp312-cp312-win32.whl", hash = "sha256:d735786acc7dd25815e89cc4ad529a43af779db2e25aa7c626de864127e5a024"},
    {file = "psycopg2-2.9.9-cp312-cp312-win_amd64.whl", hash = "sha256:a7653d00b732afb6fc597e29c50ad28087dcb4fbfb28e86092277a559ae4e693"},
    {file = "psycopg2-2.9.9-cp37-cp37m-win32.whl", hash = "sha256:5e0d98cade4f0e0304d7d6f25bbfbc5bd186e07b38eac65379309c4ca3193efa"},
    {file = "psycopg2-2.9.9-cp37-cp37m-win_amd64.whl", hash = "sha256:7e2dacf8b009a1c1e843b5213a87f7c544b2b042476ed7755be813eaf4e8347a"},
    {file = "psycopg2-2.9.9-cp38-cp38-win32.whl", hash = "sha256:ff432630e510709564c01dafdbe996cb552e0b9f3f065eb89bdce5bd31fabf4c"},
    {file = "psycopg2-2.9.9-cp38-cp38-win_amd64.whl", hash = "sha256:bac58c024c9922c23550af2a581998624d6e02350f4ae9c5f0bc642c633a2d5e"},
    {file = "psycopg2-2.9.9-cp39-cp39-win32.whl", hash = "sha256:c92811b2d4c9b6ea0285942b2e7cac98a59e166d59c588fe5cfe1eda58e72d59"},
    {file = "psycopg2-2.9.9-cp39-cp39-win_amd64.whl", hash = "sha256:de80739447af31525feddeb8effd640782cf5998e1a4e9192ebdf829717e3913"},
    {file = "psycopg2-2.9.9.tar.gz", hash = "sha256:d1454bde93fb1e224166811694d600e746430c006fbb031ea06ecc2ea41bf156"},
]

[[package]]
name = "pyarrow"
version = "14.0.2"
description = "Python library for Apache Arrow"
optional = false
python-versions = ">=3.8"
files = [
    {file = "pyarrow-14.0.2-cp310-cp310-macosx_10_14_x86_64.whl", hash = "sha256:ba9fe808596c5dbd08b3aeffe901e5f81095baaa28e7d5118e01354c64f22807"},
    {file = "pyarrow-14.0.2-cp310-cp310-macosx_11_0_arm64.whl", hash = "sha256:22a768987a16bb46220cef490c56c671993fbee8fd0475febac0b3e16b00a10e"},
    {file = "pyarrow-14.0.2-cp310-cp310-manylinux_2_17_aarch64.manylinux2014_aarch64.whl", hash = "sha256:2dbba05e98f247f17e64303eb876f4a80fcd32f73c7e9ad975a83834d81f3fda"},
    {file = "pyarrow-14.0.2-cp310-cp310-manylinux_2_17_x86_64.manylinux2014_x86_64.whl", hash = "sha256:a898d134d00b1eca04998e9d286e19653f9d0fcb99587310cd10270907452a6b"},
    {file = "pyarrow-14.0.2-cp310-cp310-manylinux_2_28_aarch64.whl", hash = "sha256:87e879323f256cb04267bb365add7208f302df942eb943c93a9dfeb8f44840b1"},
    {file = "pyarrow-14.0.2-cp310-cp310-manylinux_2_28_x86_64.whl", hash = "sha256:76fc257559404ea5f1306ea9a3ff0541bf996ff3f7b9209fc517b5e83811fa8e"},
    {file = "pyarrow-14.0.2-cp310-cp310-win_amd64.whl", hash = "sha256:b0c4a18e00f3a32398a7f31da47fefcd7a927545b396e1f15d0c85c2f2c778cd"},
    {file = "pyarrow-14.0.2-cp311-cp311-macosx_10_14_x86_64.whl", hash = "sha256:87482af32e5a0c0cce2d12eb3c039dd1d853bd905b04f3f953f147c7a196915b"},
    {file = "pyarrow-14.0.2-cp311-cp311-macosx_11_0_arm64.whl", hash = "sha256:059bd8f12a70519e46cd64e1ba40e97eae55e0cbe1695edd95384653d7626b23"},
    {file = "pyarrow-14.0.2-cp311-cp311-manylinux_2_17_aarch64.manylinux2014_aarch64.whl", hash = "sha256:3f16111f9ab27e60b391c5f6d197510e3ad6654e73857b4e394861fc79c37200"},
    {file = "pyarrow-14.0.2-cp311-cp311-manylinux_2_17_x86_64.manylinux2014_x86_64.whl", hash = "sha256:06ff1264fe4448e8d02073f5ce45a9f934c0f3db0a04460d0b01ff28befc3696"},
    {file = "pyarrow-14.0.2-cp311-cp311-manylinux_2_28_aarch64.whl", hash = "sha256:6dd4f4b472ccf4042f1eab77e6c8bce574543f54d2135c7e396f413046397d5a"},
    {file = "pyarrow-14.0.2-cp311-cp311-manylinux_2_28_x86_64.whl", hash = "sha256:32356bfb58b36059773f49e4e214996888eeea3a08893e7dbde44753799b2a02"},
    {file = "pyarrow-14.0.2-cp311-cp311-win_amd64.whl", hash = "sha256:52809ee69d4dbf2241c0e4366d949ba035cbcf48409bf404f071f624ed313a2b"},
    {file = "pyarrow-14.0.2-cp312-cp312-macosx_10_14_x86_64.whl", hash = "sha256:c87824a5ac52be210d32906c715f4ed7053d0180c1060ae3ff9b7e560f53f944"},
    {file = "pyarrow-14.0.2-cp312-cp312-macosx_11_0_arm64.whl", hash = "sha256:a25eb2421a58e861f6ca91f43339d215476f4fe159eca603c55950c14f378cc5"},
    {file = "pyarrow-14.0.2-cp312-cp312-manylinux_2_17_aarch64.manylinux2014_aarch64.whl", hash = "sha256:5c1da70d668af5620b8ba0a23f229030a4cd6c5f24a616a146f30d2386fec422"},
    {file = "pyarrow-14.0.2-cp312-cp312-manylinux_2_17_x86_64.manylinux2014_x86_64.whl", hash = "sha256:2cc61593c8e66194c7cdfae594503e91b926a228fba40b5cf25cc593563bcd07"},
    {file = "pyarrow-14.0.2-cp312-cp312-manylinux_2_28_aarch64.whl", hash = "sha256:78ea56f62fb7c0ae8ecb9afdd7893e3a7dbeb0b04106f5c08dbb23f9c0157591"},
    {file = "pyarrow-14.0.2-cp312-cp312-manylinux_2_28_x86_64.whl", hash = "sha256:37c233ddbce0c67a76c0985612fef27c0c92aef9413cf5aa56952f359fcb7379"},
    {file = "pyarrow-14.0.2-cp312-cp312-win_amd64.whl", hash = "sha256:e4b123ad0f6add92de898214d404e488167b87b5dd86e9a434126bc2b7a5578d"},
    {file = "pyarrow-14.0.2-cp38-cp38-macosx_10_14_x86_64.whl", hash = "sha256:e354fba8490de258be7687f341bc04aba181fc8aa1f71e4584f9890d9cb2dec2"},
    {file = "pyarrow-14.0.2-cp38-cp38-macosx_11_0_arm64.whl", hash = "sha256:20e003a23a13da963f43e2b432483fdd8c38dc8882cd145f09f21792e1cf22a1"},
    {file = "pyarrow-14.0.2-cp38-cp38-manylinux_2_17_aarch64.manylinux2014_aarch64.whl", hash = "sha256:fc0de7575e841f1595ac07e5bc631084fd06ca8b03c0f2ecece733d23cd5102a"},
    {file = "pyarrow-14.0.2-cp38-cp38-manylinux_2_17_x86_64.manylinux2014_x86_64.whl", hash = "sha256:66e986dc859712acb0bd45601229021f3ffcdfc49044b64c6d071aaf4fa49e98"},
    {file = "pyarrow-14.0.2-cp38-cp38-manylinux_2_28_aarch64.whl", hash = "sha256:f7d029f20ef56673a9730766023459ece397a05001f4e4d13805111d7c2108c0"},
    {file = "pyarrow-14.0.2-cp38-cp38-manylinux_2_28_x86_64.whl", hash = "sha256:209bac546942b0d8edc8debda248364f7f668e4aad4741bae58e67d40e5fcf75"},
    {file = "pyarrow-14.0.2-cp38-cp38-win_amd64.whl", hash = "sha256:1e6987c5274fb87d66bb36816afb6f65707546b3c45c44c28e3c4133c010a881"},
    {file = "pyarrow-14.0.2-cp39-cp39-macosx_10_14_x86_64.whl", hash = "sha256:a01d0052d2a294a5f56cc1862933014e696aa08cc7b620e8c0cce5a5d362e976"},
    {file = "pyarrow-14.0.2-cp39-cp39-macosx_11_0_arm64.whl", hash = "sha256:a51fee3a7db4d37f8cda3ea96f32530620d43b0489d169b285d774da48ca9785"},
    {file = "pyarrow-14.0.2-cp39-cp39-manylinux_2_17_aarch64.manylinux2014_aarch64.whl", hash = "sha256:64df2bf1ef2ef14cee531e2dfe03dd924017650ffaa6f9513d7a1bb291e59c15"},
    {file = "pyarrow-14.0.2-cp39-cp39-manylinux_2_17_x86_64.manylinux2014_x86_64.whl", hash = "sha256:3c0fa3bfdb0305ffe09810f9d3e2e50a2787e3a07063001dcd7adae0cee3601a"},
    {file = "pyarrow-14.0.2-cp39-cp39-manylinux_2_28_aarch64.whl", hash = "sha256:c65bf4fd06584f058420238bc47a316e80dda01ec0dfb3044594128a6c2db794"},
    {file = "pyarrow-14.0.2-cp39-cp39-manylinux_2_28_x86_64.whl", hash = "sha256:63ac901baec9369d6aae1cbe6cca11178fb018a8d45068aaf5bb54f94804a866"},
    {file = "pyarrow-14.0.2-cp39-cp39-win_amd64.whl", hash = "sha256:75ee0efe7a87a687ae303d63037d08a48ef9ea0127064df18267252cfe2e9541"},
    {file = "pyarrow-14.0.2.tar.gz", hash = "sha256:36cef6ba12b499d864d1def3e990f97949e0b79400d08b7cf74504ffbd3eb025"},
]

[package.dependencies]
numpy = ">=1.16.6"

[[package]]
name = "pylance"
version = "0.9.6"
description = "python wrapper for Lance columnar format"
optional = false
python-versions = ">=3.8"
files = [
    {file = "pylance-0.9.6-cp38-abi3-macosx_10_15_x86_64.whl", hash = "sha256:d77d592d443b30eb6eb6ba702dee025cc31ae428d395ee50a38ba0bd3661f34f"},
    {file = "pylance-0.9.6-cp38-abi3-macosx_11_0_arm64.whl", hash = "sha256:5e1757410f3762d427a0eb2ebd24d5a0f0e394486478609f4100ea2c82a6cc99"},
    {file = "pylance-0.9.6-cp38-abi3-manylinux_2_17_x86_64.manylinux2014_x86_64.whl", hash = "sha256:89ddfaa44bb6112fa28295c095e40e53ad2e2502ead52774897bc17f7a612f09"},
    {file = "pylance-0.9.6-cp38-abi3-manylinux_2_24_aarch64.whl", hash = "sha256:25ac671c7cccae05756a8922e38cc4e7f4010e750b25691d6b6aa3ff0e4f699a"},
    {file = "pylance-0.9.6-cp38-abi3-win_amd64.whl", hash = "sha256:7a6ba6e7642cc962724b26eccd6bf21f0b71bdc9d53b14a66e3a9df32064e85f"},
]

[package.dependencies]
numpy = ">=1.22"
pyarrow = ">=12"

[package.extras]
benchmarks = ["pytest-benchmark"]
tests = ["duckdb", "ml_dtypes", "pandas", "polars[pandas,pyarrow]", "pytest", "tensorflow", "tqdm"]
torch = ["torch"]

[[package]]
name = "pymongo"
version = "4.6.1"
description = "Python driver for MongoDB <http://www.mongodb.org>"
optional = false
python-versions = ">=3.7"
files = [
    {file = "pymongo-4.6.1-cp310-cp310-macosx_10_9_universal2.whl", hash = "sha256:4344c30025210b9fa80ec257b0e0aab5aa1d5cca91daa70d82ab97b482cc038e"},
    {file = "pymongo-4.6.1-cp310-cp310-manylinux1_i686.whl", hash = "sha256:1c5654bb8bb2bdb10e7a0bc3c193dd8b49a960b9eebc4381ff5a2043f4c3c441"},
    {file = "pymongo-4.6.1-cp310-cp310-manylinux2014_aarch64.whl", hash = "sha256:eaf2f65190c506def2581219572b9c70b8250615dc918b3b7c218361a51ec42e"},
    {file = "pymongo-4.6.1-cp310-cp310-manylinux2014_i686.whl", hash = "sha256:262356ea5fcb13d35fb2ab6009d3927bafb9504ef02339338634fffd8a9f1ae4"},
    {file = "pymongo-4.6.1-cp310-cp310-manylinux2014_ppc64le.whl", hash = "sha256:2dd2f6960ee3c9360bed7fb3c678be0ca2d00f877068556785ec2eb6b73d2414"},
    {file = "pymongo-4.6.1-cp310-cp310-manylinux2014_s390x.whl", hash = "sha256:ff925f1cca42e933376d09ddc254598f8c5fcd36efc5cac0118bb36c36217c41"},
    {file = "pymongo-4.6.1-cp310-cp310-manylinux2014_x86_64.whl", hash = "sha256:3cadf7f4c8e94d8a77874b54a63c80af01f4d48c4b669c8b6867f86a07ba994f"},
    {file = "pymongo-4.6.1-cp310-cp310-manylinux_2_17_aarch64.manylinux2014_aarch64.whl", hash = "sha256:55dac73316e7e8c2616ba2e6f62b750918e9e0ae0b2053699d66ca27a7790105"},
    {file = "pymongo-4.6.1-cp310-cp310-manylinux_2_17_ppc64le.manylinux2014_ppc64le.whl", hash = "sha256:154b361dcb358ad377d5d40df41ee35f1cc14c8691b50511547c12404f89b5cb"},
    {file = "pymongo-4.6.1-cp310-cp310-manylinux_2_17_s390x.manylinux2014_s390x.whl", hash = "sha256:2940aa20e9cc328e8ddeacea8b9a6f5ddafe0b087fedad928912e787c65b4909"},
    {file = "pymongo-4.6.1-cp310-cp310-manylinux_2_17_x86_64.manylinux2014_x86_64.whl", hash = "sha256:010bc9aa90fd06e5cc52c8fac2c2fd4ef1b5f990d9638548dde178005770a5e8"},
    {file = "pymongo-4.6.1-cp310-cp310-manylinux_2_5_i686.manylinux1_i686.manylinux_2_17_i686.manylinux2014_i686.whl", hash = "sha256:e470fa4bace5f50076c32f4b3cc182b31303b4fefb9b87f990144515d572820b"},
    {file = "pymongo-4.6.1-cp310-cp310-win32.whl", hash = "sha256:da08ea09eefa6b960c2dd9a68ec47949235485c623621eb1d6c02b46765322ac"},
    {file = "pymongo-4.6.1-cp310-cp310-win_amd64.whl", hash = "sha256:13d613c866f9f07d51180f9a7da54ef491d130f169e999c27e7633abe8619ec9"},
    {file = "pymongo-4.6.1-cp311-cp311-macosx_10_9_universal2.whl", hash = "sha256:6a0ae7a48a6ef82ceb98a366948874834b86c84e288dbd55600c1abfc3ac1d88"},
    {file = "pymongo-4.6.1-cp311-cp311-manylinux_2_17_aarch64.manylinux2014_aarch64.whl", hash = "sha256:5bd94c503271e79917b27c6e77f7c5474da6930b3fb9e70a12e68c2dff386b9a"},
    {file = "pymongo-4.6.1-cp311-cp311-manylinux_2_17_ppc64le.manylinux2014_ppc64le.whl", hash = "sha256:2d4ccac3053b84a09251da8f5350bb684cbbf8c8c01eda6b5418417d0a8ab198"},
    {file = "pymongo-4.6.1-cp311-cp311-manylinux_2_17_s390x.manylinux2014_s390x.whl", hash = "sha256:349093675a2d3759e4fb42b596afffa2b2518c890492563d7905fac503b20daa"},
    {file = "pymongo-4.6.1-cp311-cp311-manylinux_2_17_x86_64.manylinux2014_x86_64.whl", hash = "sha256:88beb444fb438385e53dc9110852910ec2a22f0eab7dd489e827038fdc19ed8d"},
    {file = "pymongo-4.6.1-cp311-cp311-manylinux_2_5_i686.manylinux1_i686.manylinux_2_17_i686.manylinux2014_i686.whl", hash = "sha256:d8e62d06e90f60ea2a3d463ae51401475568b995bafaffd81767d208d84d7bb1"},
    {file = "pymongo-4.6.1-cp311-cp311-win32.whl", hash = "sha256:5556e306713e2522e460287615d26c0af0fe5ed9d4f431dad35c6624c5d277e9"},
    {file = "pymongo-4.6.1-cp311-cp311-win_amd64.whl", hash = "sha256:b10d8cda9fc2fcdcfa4a000aa10413a2bf8b575852cd07cb8a595ed09689ca98"},
    {file = "pymongo-4.6.1-cp312-cp312-macosx_10_9_universal2.whl", hash = "sha256:b435b13bb8e36be11b75f7384a34eefe487fe87a6267172964628e2b14ecf0a7"},
    {file = "pymongo-4.6.1-cp312-cp312-manylinux_2_17_aarch64.manylinux2014_aarch64.whl", hash = "sha256:e438417ce1dc5b758742e12661d800482200b042d03512a8f31f6aaa9137ad40"},
    {file = "pymongo-4.6.1-cp312-cp312-manylinux_2_17_ppc64le.manylinux2014_ppc64le.whl", hash = "sha256:8b47ebd89e69fbf33d1c2df79759d7162fc80c7652dacfec136dae1c9b3afac7"},
    {file = "pymongo-4.6.1-cp312-cp312-manylinux_2_17_s390x.manylinux2014_s390x.whl", hash = "sha256:bbed8cccebe1169d45cedf00461b2842652d476d2897fd1c42cf41b635d88746"},
    {file = "pymongo-4.6.1-cp312-cp312-manylinux_2_17_x86_64.manylinux2014_x86_64.whl", hash = "sha256:c30a9e06041fbd7a7590693ec5e407aa8737ad91912a1e70176aff92e5c99d20"},
    {file = "pymongo-4.6.1-cp312-cp312-manylinux_2_5_i686.manylinux1_i686.manylinux_2_17_i686.manylinux2014_i686.whl", hash = "sha256:b8729dbf25eb32ad0dc0b9bd5e6a0d0b7e5c2dc8ec06ad171088e1896b522a74"},
    {file = "pymongo-4.6.1-cp312-cp312-win32.whl", hash = "sha256:3177f783ae7e08aaf7b2802e0df4e4b13903520e8380915e6337cdc7a6ff01d8"},
    {file = "pymongo-4.6.1-cp312-cp312-win_amd64.whl", hash = "sha256:00c199e1c593e2c8b033136d7a08f0c376452bac8a896c923fcd6f419e07bdd2"},
    {file = "pymongo-4.6.1-cp37-cp37m-macosx_10_9_x86_64.whl", hash = "sha256:6dcc95f4bb9ed793714b43f4f23a7b0c57e4ef47414162297d6f650213512c19"},
    {file = "pymongo-4.6.1-cp37-cp37m-manylinux1_i686.whl", hash = "sha256:13552ca505366df74e3e2f0a4f27c363928f3dff0eef9f281eb81af7f29bc3c5"},
    {file = "pymongo-4.6.1-cp37-cp37m-manylinux1_x86_64.whl", hash = "sha256:77e0df59b1a4994ad30c6d746992ae887f9756a43fc25dec2db515d94cf0222d"},
    {file = "pymongo-4.6.1-cp37-cp37m-manylinux2014_aarch64.whl", hash = "sha256:3a7f02a58a0c2912734105e05dedbee4f7507e6f1bd132ebad520be0b11d46fd"},
    {file = "pymongo-4.6.1-cp37-cp37m-manylinux2014_i686.whl", hash = "sha256:026a24a36394dc8930cbcb1d19d5eb35205ef3c838a7e619e04bd170713972e7"},
    {file = "pymongo-4.6.1-cp37-cp37m-manylinux2014_ppc64le.whl", hash = "sha256:3b287e814a01deddb59b88549c1e0c87cefacd798d4afc0c8bd6042d1c3d48aa"},
    {file = "pymongo-4.6.1-cp37-cp37m-manylinux2014_s390x.whl", hash = "sha256:9a710c184ba845afb05a6f876edac8f27783ba70e52d5eaf939f121fc13b2f59"},
    {file = "pymongo-4.6.1-cp37-cp37m-manylinux2014_x86_64.whl", hash = "sha256:30b2c9caf3e55c2e323565d1f3b7e7881ab87db16997dc0cbca7c52885ed2347"},
    {file = "pymongo-4.6.1-cp37-cp37m-manylinux_2_17_aarch64.manylinux2014_aarch64.whl", hash = "sha256:ff62ba8ff70f01ab4fe0ae36b2cb0b5d1f42e73dfc81ddf0758cd9f77331ad25"},
    {file = "pymongo-4.6.1-cp37-cp37m-manylinux_2_17_ppc64le.manylinux2014_ppc64le.whl", hash = "sha256:547dc5d7f834b1deefda51aedb11a7af9c51c45e689e44e14aa85d44147c7657"},
    {file = "pymongo-4.6.1-cp37-cp37m-manylinux_2_17_s390x.manylinux2014_s390x.whl", hash = "sha256:1de3c6faf948f3edd4e738abdb4b76572b4f4fdfc1fed4dad02427e70c5a6219"},
    {file = "pymongo-4.6.1-cp37-cp37m-manylinux_2_17_x86_64.manylinux2014_x86_64.whl", hash = "sha256:a2831e05ce0a4df10c4ac5399ef50b9a621f90894c2a4d2945dc5658765514ed"},
    {file = "pymongo-4.6.1-cp37-cp37m-manylinux_2_5_i686.manylinux1_i686.manylinux_2_17_i686.manylinux2014_i686.whl", hash = "sha256:144a31391a39a390efce0c5ebcaf4bf112114af4384c90163f402cec5ede476b"},
    {file = "pymongo-4.6.1-cp37-cp37m-manylinux_2_5_i686.manylinux1_i686.whl", hash = "sha256:33bb16a07d3cc4e0aea37b242097cd5f7a156312012455c2fa8ca396953b11c4"},
    {file = "pymongo-4.6.1-cp37-cp37m-manylinux_2_5_x86_64.manylinux1_x86_64.whl", hash = "sha256:b7b1a83ce514700276a46af3d9e481ec381f05b64939effc9065afe18456a6b9"},
    {file = "pymongo-4.6.1-cp37-cp37m-win32.whl", hash = "sha256:3071ec998cc3d7b4944377e5f1217c2c44b811fae16f9a495c7a1ce9b42fb038"},
    {file = "pymongo-4.6.1-cp37-cp37m-win_amd64.whl", hash = "sha256:2346450a075625c4d6166b40a013b605a38b6b6168ce2232b192a37fb200d588"},
    {file = "pymongo-4.6.1-cp38-cp38-macosx_11_0_universal2.whl", hash = "sha256:061598cbc6abe2f382ab64c9caa83faa2f4c51256f732cdd890bcc6e63bfb67e"},
    {file = "pymongo-4.6.1-cp38-cp38-manylinux1_i686.whl", hash = "sha256:d483793a384c550c2d12cb794ede294d303b42beff75f3b3081f57196660edaf"},
    {file = "pymongo-4.6.1-cp38-cp38-manylinux1_x86_64.whl", hash = "sha256:f9756f1d25454ba6a3c2f1ef8b7ddec23e5cdeae3dc3c3377243ae37a383db00"},
    {file = "pymongo-4.6.1-cp38-cp38-manylinux2014_aarch64.whl", hash = "sha256:1ed23b0e2dac6f84f44c8494fbceefe6eb5c35db5c1099f56ab78fc0d94ab3af"},
    {file = "pymongo-4.6.1-cp38-cp38-manylinux2014_i686.whl", hash = "sha256:3d18a9b9b858ee140c15c5bfcb3e66e47e2a70a03272c2e72adda2482f76a6ad"},
    {file = "pymongo-4.6.1-cp38-cp38-manylinux2014_ppc64le.whl", hash = "sha256:c258dbacfff1224f13576147df16ce3c02024a0d792fd0323ac01bed5d3c545d"},
    {file = "pymongo-4.6.1-cp38-cp38-manylinux2014_s390x.whl", hash = "sha256:f7acc03a4f1154ba2643edeb13658d08598fe6e490c3dd96a241b94f09801626"},
    {file = "pymongo-4.6.1-cp38-cp38-manylinux2014_x86_64.whl", hash = "sha256:76013fef1c9cd1cd00d55efde516c154aa169f2bf059b197c263a255ba8a9ddf"},
    {file = "pymongo-4.6.1-cp38-cp38-manylinux_2_17_aarch64.manylinux2014_aarch64.whl", hash = "sha256:3f0e6a6c807fa887a0c51cc24fe7ea51bb9e496fe88f00d7930063372c3664c3"},
    {file = "pymongo-4.6.1-cp38-cp38-manylinux_2_17_ppc64le.manylinux2014_ppc64le.whl", hash = "sha256:dd1fa413f8b9ba30140de198e4f408ffbba6396864c7554e0867aa7363eb58b2"},
    {file = "pymongo-4.6.1-cp38-cp38-manylinux_2_17_s390x.manylinux2014_s390x.whl", hash = "sha256:8d219b4508f71d762368caec1fc180960569766049bbc4d38174f05e8ef2fe5b"},
    {file = "pymongo-4.6.1-cp38-cp38-manylinux_2_17_x86_64.manylinux2014_x86_64.whl", hash = "sha256:27b81ecf18031998ad7db53b960d1347f8f29e8b7cb5ea7b4394726468e4295e"},
    {file = "pymongo-4.6.1-cp38-cp38-manylinux_2_5_i686.manylinux1_i686.manylinux_2_17_i686.manylinux2014_i686.whl", hash = "sha256:56816e43c92c2fa8c11dc2a686f0ca248bea7902f4a067fa6cbc77853b0f041e"},
    {file = "pymongo-4.6.1-cp38-cp38-manylinux_2_5_i686.manylinux1_i686.whl", hash = "sha256:ef801027629c5b511cf2ba13b9be29bfee36ae834b2d95d9877818479cdc99ea"},
    {file = "pymongo-4.6.1-cp38-cp38-manylinux_2_5_x86_64.manylinux1_x86_64.whl", hash = "sha256:d4c2be9760b112b1caf649b4977b81b69893d75aa86caf4f0f398447be871f3c"},
    {file = "pymongo-4.6.1-cp38-cp38-win32.whl", hash = "sha256:39d77d8bbb392fa443831e6d4ae534237b1f4eee6aa186f0cdb4e334ba89536e"},
    {file = "pymongo-4.6.1-cp38-cp38-win_amd64.whl", hash = "sha256:4497d49d785482cc1a44a0ddf8830b036a468c088e72a05217f5b60a9e025012"},
    {file = "pymongo-4.6.1-cp39-cp39-macosx_10_9_universal2.whl", hash = "sha256:69247f7a2835fc0984bbf0892e6022e9a36aec70e187fcfe6cae6a373eb8c4de"},
    {file = "pymongo-4.6.1-cp39-cp39-manylinux1_i686.whl", hash = "sha256:7bb0e9049e81def6829d09558ad12d16d0454c26cabe6efc3658e544460688d9"},
    {file = "pymongo-4.6.1-cp39-cp39-manylinux1_x86_64.whl", hash = "sha256:6a1810c2cbde714decf40f811d1edc0dae45506eb37298fd9d4247b8801509fe"},
    {file = "pymongo-4.6.1-cp39-cp39-manylinux2014_aarch64.whl", hash = "sha256:e2aced6fb2f5261b47d267cb40060b73b6527e64afe54f6497844c9affed5fd0"},
    {file = "pymongo-4.6.1-cp39-cp39-manylinux2014_i686.whl", hash = "sha256:d0355cff58a4ed6d5e5f6b9c3693f52de0784aa0c17119394e2a8e376ce489d4"},
    {file = "pymongo-4.6.1-cp39-cp39-manylinux2014_ppc64le.whl", hash = "sha256:3c74f4725485f0a7a3862cfd374cc1b740cebe4c133e0c1425984bcdcce0f4bb"},
    {file = "pymongo-4.6.1-cp39-cp39-manylinux2014_s390x.whl", hash = "sha256:9c79d597fb3a7c93d7c26924db7497eba06d58f88f58e586aa69b2ad89fee0f8"},
    {file = "pymongo-4.6.1-cp39-cp39-manylinux2014_x86_64.whl", hash = "sha256:8ec75f35f62571a43e31e7bd11749d974c1b5cd5ea4a8388725d579263c0fdf6"},
    {file = "pymongo-4.6.1-cp39-cp39-manylinux_2_17_aarch64.manylinux2014_aarch64.whl", hash = "sha256:a5e641f931c5cd95b376fd3c59db52770e17bec2bf86ef16cc83b3906c054845"},
    {file = "pymongo-4.6.1-cp39-cp39-manylinux_2_17_ppc64le.manylinux2014_ppc64le.whl", hash = "sha256:9aafd036f6f2e5ad109aec92f8dbfcbe76cff16bad683eb6dd18013739c0b3ae"},
    {file = "pymongo-4.6.1-cp39-cp39-manylinux_2_17_s390x.manylinux2014_s390x.whl", hash = "sha256:1f2b856518bfcfa316c8dae3d7b412aecacf2e8ba30b149f5eb3b63128d703b9"},
    {file = "pymongo-4.6.1-cp39-cp39-manylinux_2_17_x86_64.manylinux2014_x86_64.whl", hash = "sha256:5ec31adc2e988fd7db3ab509954791bbc5a452a03c85e45b804b4bfc31fa221d"},
    {file = "pymongo-4.6.1-cp39-cp39-manylinux_2_5_i686.manylinux1_i686.manylinux_2_17_i686.manylinux2014_i686.whl", hash = "sha256:9167e735379ec43d8eafa3fd675bfbb12e2c0464f98960586e9447d2cf2c7a83"},
    {file = "pymongo-4.6.1-cp39-cp39-manylinux_2_5_i686.manylinux1_i686.whl", hash = "sha256:1461199b07903fc1424709efafe379205bf5f738144b1a50a08b0396357b5abf"},
    {file = "pymongo-4.6.1-cp39-cp39-manylinux_2_5_x86_64.manylinux1_x86_64.whl", hash = "sha256:3094c7d2f820eecabadae76bfec02669567bbdd1730eabce10a5764778564f7b"},
    {file = "pymongo-4.6.1-cp39-cp39-win32.whl", hash = "sha256:c91ea3915425bd4111cb1b74511cdc56d1d16a683a48bf2a5a96b6a6c0f297f7"},
    {file = "pymongo-4.6.1-cp39-cp39-win_amd64.whl", hash = "sha256:ef102a67ede70e1721fe27f75073b5314911dbb9bc27cde0a1c402a11531e7bd"},
    {file = "pymongo-4.6.1.tar.gz", hash = "sha256:31dab1f3e1d0cdd57e8df01b645f52d43cc1b653ed3afd535d2891f4fc4f9712"},
]

[package.dependencies]
dnspython = ">=1.16.0,<3.0.0"

[package.extras]
aws = ["pymongo-auth-aws (<2.0.0)"]
encryption = ["certifi", "pymongo[aws]", "pymongocrypt (>=1.6.0,<2.0.0)"]
gssapi = ["pykerberos", "winkerberos (>=0.5.0)"]
ocsp = ["certifi", "cryptography (>=2.5)", "pyopenssl (>=17.2.0)", "requests (<3.0.0)", "service-identity (>=18.1.0)"]
snappy = ["python-snappy"]
test = ["pytest (>=7)"]
zstd = ["zstandard"]

[[package]]
name = "pytest"
version = "7.4.3"
description = "pytest: simple powerful testing with Python"
optional = false
python-versions = ">=3.7"
files = [
    {file = "pytest-7.4.3-py3-none-any.whl", hash = "sha256:0d009c083ea859a71b76adf7c1d502e4bc170b80a8ef002da5806527b9591fac"},
    {file = "pytest-7.4.3.tar.gz", hash = "sha256:d989d136982de4e3b29dabcc838ad581c64e8ed52c11fbe86ddebd9da0818cd5"},
]

[package.dependencies]
colorama = {version = "*", markers = "sys_platform == \"win32\""}
iniconfig = "*"
packaging = "*"
pluggy = ">=0.12,<2.0"

[package.extras]
testing = ["argcomplete", "attrs (>=19.2.0)", "hypothesis (>=3.56)", "mock", "nose", "pygments (>=2.7.2)", "requests", "setuptools", "xmlschema"]

[metadata]
lock-version = "2.0"
python-versions = "^3.11"
content-hash = "c815a4b9cbe67158141b6469d3c2fda089a11744abd7d2c507f7fbea2881db0b"
