github.com/tychoish/birch v0.2.2 h1:+qiWibwCa8UoJvRFlpUxF6rLlGfnbNWKcIL8dkvY4Lo=
github.com/tychoish/birch v0.2.2/go.mod h1:k/5kBT4z40uY6vqQPJ3IBOU6E3/YMyIlUkerx3qY/Vo=
github.com/tychoish/birch v0.2.3-0.20230825153023-79636ce03829 h1:Lt2IbZbnSk49LfYZTyfCz22Pd5q6siVhS7xj3ELzIco=
github.com/tychoish/birch v0.2.3-0.20230825153023-79636ce03829/go.mod h1:Gv3VW01RrjmgGWJgxpT+wh71IKFV2vJOe7M00i+TFgE=
github.com/tychoish/fun v0.10.8 h1:NBC8ug2cRYGKzlD70+r/tz4lkwfKAshFv9aaxHoYNwQ=
github.com/tychoish/fun v0.10.8/go.mod h1:ZZfrwtsnHHV81ecZCBPp57DjjYY9Io39JH2QSXNpKn4=
